
Microsoft Visual Studio Solution File, Format Version 10.00
# Visual Studio 2008
Project("{D183A3D8-5FD8-494B-B014-37F57B35E655}") = "SSIS_Activplant", "SSIS_Activplant.dtproj", "{2B63BB99-DC86-4127-8E33-51EB8038B851}"
EndProject
Global
	GlobalSection(SolutionConfigurationPlatforms) = preSolution
		Development|Default = Development|Default
	EndGlobalSection
	GlobalSection(ProjectConfigurationPlatforms) = postSolution
		{2B63BB99-DC86-4127-8E33-51EB8038B851}.Development|Default.ActiveCfg = Development
		{2B63BB99-DC86-4127-8E33-51EB8038B851}.Development|Default.Build.0 = Development
	EndGlobalSection
	GlobalSection(SolutionProperties) = preSolution
		HideSolutionNode = FALSE
	EndGlobalSection
EndGlobal
