
Microsoft Visual Studio Solution File, Format Version 10.00
# Visual Studio 2008
Project("{D183A3D8-5FD8-494B-B014-37F57B35E655}") = "TonerProductsBirthHistory", "TonerProductsBirthHistory\TonerProductsBirthHistory.dtproj", "{C7A23C2C-B62E-4116-B74A-60708B3EED24}"
EndProject
Global
	GlobalSection(SolutionConfigurationPlatforms) = preSolution
		Development|Default = Development|Default
	EndGlobalSection
	GlobalSection(ProjectConfigurationPlatforms) = postSolution
		{C7A23C2C-B62E-4116-B74A-60708B3EED24}.Development|Default.ActiveCfg = Development
		{C7A23C2C-B62E-4116-B74A-60708B3EED24}.Development|Default.Build.0 = Development
	EndGlobalSection
	GlobalSection(SolutionProperties) = preSolution
		HideSolutionNode = FALSE
	EndGlobalSection
	GlobalSection(ExtensibilityGlobals) = postSolution
		VisualSVNWorkingCopyRoot = .
	EndGlobalSection
EndGlobal
